
Microsoft Visual Studio Solution File, Format Version 12.00
# Visual Studio 15
VisualStudioVersion = 15.0.27703.2026
MinimumVisualStudioVersion = 10.0.40219.1
Project("{FAE04EC0-301F-11D3-BF4B-00C04F79EFBC}") = "AppSistemaMajor", "AppSistemaMajor\AppSistemaMajor.csproj", "{5293454F-1750-4932-B1E5-1AEBB56C9CA0}"
EndProject
Global
	GlobalSection(SolutionConfigurationPlatforms) = preSolution
		Debug|Any CPU = Debug|Any CPU
		Release|Any CPU = Release|Any CPU
	EndGlobalSection
	GlobalSection(ProjectConfigurationPlatforms) = postSolution
		{5293454F-1750-4932-B1E5-1AEBB56C9CA0}.Debug|Any CPU.ActiveCfg = Debug|Any CPU
		{5293454F-1750-4932-B1E5-1AEBB56C9CA0}.Debug|Any CPU.Build.0 = Debug|Any CPU
		{5293454F-1750-4932-B1E5-1AEBB56C9CA0}.Release|Any CPU.ActiveCfg = Release|Any CPU
		{5293454F-1750-4932-B1E5-1AEBB56C9CA0}.Release|Any CPU.Build.0 = Release|Any CPU
	EndGlobalSection
	GlobalSection(SolutionProperties) = preSolution
		HideSolutionNode = FALSE
	EndGlobalSection
	GlobalSection(ExtensibilityGlobals) = postSolution
		SolutionGuid = {940E5541-A0E3-4748-A34E-F73DB9B3AC76}
	EndGlobalSection
EndGlobal
